# This file is maintained automatically by "tofu init".
# Manual edits may be lost in future updates.

provider "registry.opentofu.org/hashicorp/random" {
  version     = "3.5.1"
  constraints = "3.5.1"
  hashes = [
    "h1:tW+G7lgqbHUtraKHPWuotYHlME1vcAf50YvOeHQlGHg=",
    "zh:0002dd4c79453da5bf1bb9c52172a25d042a571f6df131b7c9ced3d1f8f3eb44",
    "zh:49b0f8c2bd5632799aa6113e0e46acaa7d008f927665a41a1f8e8559fe6d8165",
    "zh:56df70fca236caa06d0e636c41ab71dd1ced05375f4ddcb905b0ed2105737048",
    "zh:58e4de40540c86b9e2e2595dac1318ba057718961a467fa9727866f747693eb2",
    "zh:5992f11c738812ccd7476d4c607cb8b76dea5aa612be491150c89957ec395ddd",
    "zh:7ff4f0b7707b51737f684e96d85a47f0dd8be0f72a3c27b0798755d3faad15e2",
    "zh:8e4b0972e216c9773ab525accfa36eb27c44c751b06b125ecc53f4226c91cea8",
    "zh:d8956cc5abcd5d1173b6cc25d5d8ed2c5cc456edab2fddb774a17d45e84820cb",
    "zh:df7f9eb93a832e66bc20cc41c57d38954f87671ec60be09fa866273adb8d9353",
    "zh:eb583d8f03b11f0b6c535375d8ed0d29e5f7f537b5c78943856d2e8ce76482d9",
  ]
}

provider "registry.opentofu.org/hashicorp/tls" {
  version     = "4.0.4"
  constraints = "4.0.4"
  hashes = [
    "h1:nCtGoZyE3/4/GJ7Gwto4NpVakR5QwMCgmKCWwtmZ1es=",
    "zh:21120c773efa9ef69424847669ef787892874d873d32b5feceb43c216232e524",
    "zh:2f8ef43f7a8981a007b632316032a16a67d052d1b58015dbd57318b405b3c35c",
    "zh:36fd3cabb9864951e986a761cc196ae2a09b0d2eb0b7718922c29aa4c0cdee88",
    "zh:42de2fad6e27f0936819e5454469cb2e8e5969d2fcfe7898c7daf05842935508",
    "zh:7a46748a20977307b520a0f1553034b7130b3f32ac2210366bcb252b9462244c",
    "zh:9a8c3df7b346d8193ab0969b07916483f5db326a45dd4e461f0e39ea7f3867c0",
    "zh:c02c979588787d617d10b3d6bcc74585de394c2b12c1d9511036f89566ce221c",
    "zh:c321a3db58ce89b92607821667ba95ced4eded42c8028586d0069c751c540a9a",
    "zh:c8ea6ff4d6245ff34dd2b2b52fe49f45e9dbd5972484dce953cd95f2b617d69f",
    "zh:d99659167401506a4ee778c6f956678763391610ccd4e2b6e1fc521c5488a256",
  ]
}

provider "registry.opentofu.org/siderolabs/talos" {
  version     = "0.5.0"
  constraints = "0.5.0"
  hashes = [
    "h1:xogkLLCrJJmd278E+vNMnmQgaMD05Gd1QXN914xgVec=",
    "zh:0f71f2624576224c9bc924b136b601b734243efa7a7ad8280dfd8bd583e4afa5",
    "zh:0fa82a384b25a58b65523e0ea4768fa1212b1f5cfc0c9379d31162454fedcc9d",
    "zh:33c50dacc5029fa20caed702001fb1439899c94f203b1f37dccb970f504bca45",
    "zh:3c97a6e2692b88d3f4631a3f8769146f602c210e881b46fa1b3b82c545e51cd1",
    "zh:44077a137613bcfe29eef00315b5aa50d83390c3c727580a4ff0f4b87f22d228",
    "zh:5bd02f278aec5567f94dd057d1c758363998ce581ff17b0869515bb682c02186",
    "zh:80f40939bc3b55f0005c03b77122ceea86ec4deb82f5557950a97ad96fbb1557",
    "zh:94c1b17f25bc30eacde926e46f196f1f135032674730d9f50c986ef6b7a854f0",
    "zh:95ad665b2fdeed38180f5c471164833a34d07c1ef0470c1652565fe8cf4e9c4a",
    "zh:a50ef6088afcb129c176dd4ba86c345e9be7b14358bb3b21c34f06930d8f39ef",
    "zh:aa71da1da00ed66f1dddf1b69c10b829f24ac89e207de07d32c455dd04482096",
    "zh:abb7eeb2b089081b4814ed80a295673e1a92f82ce092dde37b5bc92e75efec2c",
    "zh:db9b9b54a0db5ae151376d5a73e0d28497c3e06181840e71ef8349213ac03e50",
    "zh:e50ed8aa90b736508fce63680e8339240cecb74709ab9563d34d2c2ce7bc8445",
    "zh:f3a279723ff31a095d7bfff21857abfcc9a2cfdeeea8521d179630ae6565d581",
  ]
}

provider "registry.opentofu.org/telmate/proxmox" {
  version     = "3.0.1-rc3"
  constraints = "3.0.1-rc3"
  hashes = [
    "h1:x7TfUaW+RpBtGov4DBuSJ5YPYBozapWuLyyZs0qjsKY=",
    "zh:3699c41289c6fbe0f33b6c54360d43dcfba429de5fbf49506df9276d03aea915",
    "zh:486c9ddda427d3fecdc6dfa189fce85c4a2aa1f490b024d636c0ac6a4dd3c692",
    "zh:6091e141a0b8dcb1632c31e0f9555117bb023176c5d083f0e03441bbcf673a4e",
    "zh:63d312c2c2994ed39dcb47b4d43c89990bd5fff20dbda63cddfb11c9202270f4",
    "zh:6e69c70a85cfa720f543090ee3ce7d2eb2902df19657121b8b7ae64d44875d9f",
    "zh:897b9f6075262fc9533f87d470217b14ae82614c6818a26b578a6d41c403d4eb",
    "zh:91c24bd374fb8ee0c9e4e1c213d157139c047be78b0cafac3c4c9724db8083b0",
    "zh:a224b58759314dc045fdbfc88b63b036b8ca6f75ad32606e94b553f150077c13",
    "zh:a56e940c71b45e222c69a2a45388b58ed319836b922f84f62bded5b063662f4a",
    "zh:b2e0a83aa535cd3493fbc7485d05d1a823c48bf487e313703f01a17edc631908",
    "zh:ba0ad4fea8ba3b01c67fb164ed92fa927ac70d2d898378d192a01e818fcf6bee",
    "zh:c49ebe13e7011d35d72e8e6a720df83f21c106444ef4383c5d6c0015aee55db6",
    "zh:c53e2775040e103aedcce06b9acb79ca5fccdb4c578a4b6e32489c89e9c652dc",
    "zh:c9002cc470ccfd8cd298d5655cf76af84b1d8a200207973d9ad80235818e89e3",
  ]
}
